// !$*UTF8*$!
{
	archiveVersion = 1;
	classes = {
	};
	objectVersion = 48;
	objects = {

/* Begin PBXBuildFile section */
		0CBB2AE52074F0D000CD6176 /* ElegirCategoriaViewController.swift in Sources */ = {isa = PBXBuildFile; fileRef = 0CBB2AE42074F0D000CD6176 /* ElegirCategoriaViewController.swift */; };
		4C00AD11206927ED00E17D68 /* AppDelegate.swift in Sources */ = {isa = PBXBuildFile; fileRef = 4C00AD10206927ED00E17D68 /* AppDelegate.swift */; };
		4C00AD13206927ED00E17D68 /* HomeController.swift in Sources */ = {isa = PBXBuildFile; fileRef = 4C00AD12206927ED00E17D68 /* HomeController.swift */; };
		4C00AD16206927ED00E17D68 /* Main.storyboard in Resources */ = {isa = PBXBuildFile; fileRef = 4C00AD14206927ED00E17D68 /* Main.storyboard */; };
		4C00AD19206927ED00E17D68 /* Quiz.xcdatamodeld in Sources */ = {isa = PBXBuildFile; fileRef = 4C00AD17206927ED00E17D68 /* Quiz.xcdatamodeld */; };
		4C00AD1B206927ED00E17D68 /* Assets.xcassets in Resources */ = {isa = PBXBuildFile; fileRef = 4C00AD1A206927ED00E17D68 /* Assets.xcassets */; };
		4C00AD1E206927ED00E17D68 /* LaunchScreen.storyboard in Resources */ = {isa = PBXBuildFile; fileRef = 4C00AD1C206927ED00E17D68 /* LaunchScreen.storyboard */; };
		4C00AD29206927ED00E17D68 /* QuizTests.swift in Sources */ = {isa = PBXBuildFile; fileRef = 4C00AD28206927ED00E17D68 /* QuizTests.swift */; };
		4C00B512206A97C600AD85DA /* PreguntaViewController.swift in Sources */ = {isa = PBXBuildFile; fileRef = 4C00B511206A97C600AD85DA /* PreguntaViewController.swift */; };
		4C0C2F83206B9D8E00E4BE8C /* PreguntaTableViewCell.swift in Sources */ = {isa = PBXBuildFile; fileRef = 4C0C2F82206B9D8E00E4BE8C /* PreguntaTableViewCell.swift */; };
		4C0C2F85206BA0E800E4BE8C /* PreguntaTableViewController.swift in Sources */ = {isa = PBXBuildFile; fileRef = 4C0C2F84206BA0E800E4BE8C /* PreguntaTableViewController.swift */; };
		4C12143B2069849D00C56F02 /* RoundedButton.swift in Sources */ = {isa = PBXBuildFile; fileRef = 4C12143A2069849D00C56F02 /* RoundedButton.swift */; };
		4C411403206A41A300651772 /* Pregunta.swift in Sources */ = {isa = PBXBuildFile; fileRef = 4C411402206A41A300651772 /* Pregunta.swift */; };
		4C411405206A4C7700651772 /* GestionPreguntas.swift in Sources */ = {isa = PBXBuildFile; fileRef = 4C411404206A4C7700651772 /* GestionPreguntas.swift */; };
		4C57420F2078D4A0006FC171 /* ResponderPreguntaViewController.swift in Sources */ = {isa = PBXBuildFile; fileRef = 4C57420E2078D4A0006FC171 /* ResponderPreguntaViewController.swift */; };
		4C57EC2C207A219100780FEA /* NoPreguntasPopOverViewController.swift in Sources */ = {isa = PBXBuildFile; fileRef = 4C57EC2B207A219100780FEA /* NoPreguntasPopOverViewController.swift */; };
		4C89180D2077EED600D4D80D /* ClasificaciónTableViewController.swift in Sources */ = {isa = PBXBuildFile; fileRef = 4C89180C2077EED600D4D80D /* ClasificaciónTableViewController.swift */; };
		4C89180F2078204C00D4D80D /* ResultadosViewController.swift in Sources */ = {isa = PBXBuildFile; fileRef = 4C89180E2078204C00D4D80D /* ResultadosViewController.swift */; };
		4CF4D9922077D2A20020545C /* EsperaViewController.swift in Sources */ = {isa = PBXBuildFile; fileRef = 4CF4D9912077D2A20020545C /* EsperaViewController.swift */; };
		4CF4D9942077D36E0020545C /* Partida.swift in Sources */ = {isa = PBXBuildFile; fileRef = 4CF4D9932077D36E0020545C /* Partida.swift */; };
		4CF4D9962077D3900020545C /* ResultadoPartida.swift in Sources */ = {isa = PBXBuildFile; fileRef = 4CF4D9952077D3900020545C /* ResultadoPartida.swift */; };
		4CF4D9982077D5E20020545C /* Clasificación.swift in Sources */ = {isa = PBXBuildFile; fileRef = 4CF4D9972077D5E20020545C /* Clasificación.swift */; };
		4CF4D99A2077E5D10020545C /* ResultadoTableViewCell.swift in Sources */ = {isa = PBXBuildFile; fileRef = 4CF4D9992077E5D10020545C /* ResultadoTableViewCell.swift */; };
/* End PBXBuildFile section */

/* Begin PBXContainerItemProxy section */
		4C00AD25206927ED00E17D68 /* PBXContainerItemProxy */ = {
			isa = PBXContainerItemProxy;
			containerPortal = 4C00AD05206927ED00E17D68 /* Project object */;
			proxyType = 1;
			remoteGlobalIDString = 4C00AD0C206927ED00E17D68;
			remoteInfo = Quiz;
		};
/* End PBXContainerItemProxy section */

/* Begin PBXFileReference section */
		0CBB2AE42074F0D000CD6176 /* ElegirCategoriaViewController.swift */ = {isa = PBXFileReference; lastKnownFileType = sourcecode.swift; path = ElegirCategoriaViewController.swift; sourceTree = "<group>"; };
		4C00AD0D206927ED00E17D68 /* Quiz.app */ = {isa = PBXFileReference; explicitFileType = wrapper.application; includeInIndex = 0; path = Quiz.app; sourceTree = BUILT_PRODUCTS_DIR; };
		4C00AD10206927ED00E17D68 /* AppDelegate.swift */ = {isa = PBXFileReference; lastKnownFileType = sourcecode.swift; path = AppDelegate.swift; sourceTree = "<group>"; };
		4C00AD12206927ED00E17D68 /* HomeController.swift */ = {isa = PBXFileReference; lastKnownFileType = sourcecode.swift; path = HomeController.swift; sourceTree = "<group>"; };
		4C00AD15206927ED00E17D68 /* Base */ = {isa = PBXFileReference; lastKnownFileType = file.storyboard; name = Base; path = Base.lproj/Main.storyboard; sourceTree = "<group>"; };
		4C00AD18206927ED00E17D68 /* Quiz.xcdatamodel */ = {isa = PBXFileReference; lastKnownFileType = wrapper.xcdatamodel; path = Quiz.xcdatamodel; sourceTree = "<group>"; };
		4C00AD1A206927ED00E17D68 /* Assets.xcassets */ = {isa = PBXFileReference; lastKnownFileType = folder.assetcatalog; path = Assets.xcassets; sourceTree = "<group>"; };
		4C00AD1D206927ED00E17D68 /* Base */ = {isa = PBXFileReference; lastKnownFileType = file.storyboard; name = Base; path = Base.lproj/LaunchScreen.storyboard; sourceTree = "<group>"; };
		4C00AD1F206927ED00E17D68 /* Info.plist */ = {isa = PBXFileReference; lastKnownFileType = text.plist.xml; path = Info.plist; sourceTree = "<group>"; };
		4C00AD24206927ED00E17D68 /* QuizTests.xctest */ = {isa = PBXFileReference; explicitFileType = wrapper.cfbundle; includeInIndex = 0; path = QuizTests.xctest; sourceTree = BUILT_PRODUCTS_DIR; };
		4C00AD28206927ED00E17D68 /* QuizTests.swift */ = {isa = PBXFileReference; lastKnownFileType = sourcecode.swift; path = QuizTests.swift; sourceTree = "<group>"; };
		4C00AD2A206927ED00E17D68 /* Info.plist */ = {isa = PBXFileReference; lastKnownFileType = text.plist.xml; path = Info.plist; sourceTree = "<group>"; };
		4C00B511206A97C600AD85DA /* PreguntaViewController.swift */ = {isa = PBXFileReference; lastKnownFileType = sourcecode.swift; path = PreguntaViewController.swift; sourceTree = "<group>"; };
		4C0C2F82206B9D8E00E4BE8C /* PreguntaTableViewCell.swift */ = {isa = PBXFileReference; lastKnownFileType = sourcecode.swift; path = PreguntaTableViewCell.swift; sourceTree = "<group>"; };
		4C0C2F84206BA0E800E4BE8C /* PreguntaTableViewController.swift */ = {isa = PBXFileReference; lastKnownFileType = sourcecode.swift; path = PreguntaTableViewController.swift; sourceTree = "<group>"; };
		4C12143A2069849D00C56F02 /* RoundedButton.swift */ = {isa = PBXFileReference; lastKnownFileType = sourcecode.swift; path = RoundedButton.swift; sourceTree = "<group>"; };
		4C411402206A41A300651772 /* Pregunta.swift */ = {isa = PBXFileReference; lastKnownFileType = sourcecode.swift; path = Pregunta.swift; sourceTree = "<group>"; };
		4C411404206A4C7700651772 /* GestionPreguntas.swift */ = {isa = PBXFileReference; lastKnownFileType = sourcecode.swift; path = GestionPreguntas.swift; sourceTree = "<group>"; };
		4C57420E2078D4A0006FC171 /* ResponderPreguntaViewController.swift */ = {isa = PBXFileReference; lastKnownFileType = sourcecode.swift; path = ResponderPreguntaViewController.swift; sourceTree = "<group>"; };
		4C57EC2B207A219100780FEA /* NoPreguntasPopOverViewController.swift */ = {isa = PBXFileReference; lastKnownFileType = sourcecode.swift; path = NoPreguntasPopOverViewController.swift; sourceTree = "<group>"; };
		4C89180C2077EED600D4D80D /* ClasificaciónTableViewController.swift */ = {isa = PBXFileReference; lastKnownFileType = sourcecode.swift; path = "ClasificaciónTableViewController.swift"; sourceTree = "<group>"; };
		4C89180E2078204C00D4D80D /* ResultadosViewController.swift */ = {isa = PBXFileReference; lastKnownFileType = sourcecode.swift; path = ResultadosViewController.swift; sourceTree = "<group>"; };
		4CF4D9912077D2A20020545C /* EsperaViewController.swift */ = {isa = PBXFileReference; lastKnownFileType = sourcecode.swift; path = EsperaViewController.swift; sourceTree = "<group>"; };
		4CF4D9932077D36E0020545C /* Partida.swift */ = {isa = PBXFileReference; lastKnownFileType = sourcecode.swift; path = Partida.swift; sourceTree = "<group>"; };
		4CF4D9952077D3900020545C /* ResultadoPartida.swift */ = {isa = PBXFileReference; lastKnownFileType = sourcecode.swift; path = ResultadoPartida.swift; sourceTree = "<group>"; };
		4CF4D9972077D5E20020545C /* Clasificación.swift */ = {isa = PBXFileReference; lastKnownFileType = sourcecode.swift; path = "Clasificación.swift"; sourceTree = "<group>"; };
		4CF4D9992077E5D10020545C /* ResultadoTableViewCell.swift */ = {isa = PBXFileReference; lastKnownFileType = sourcecode.swift; path = ResultadoTableViewCell.swift; sourceTree = "<group>"; };
/* End PBXFileReference section */

/* Begin PBXFrameworksBuildPhase section */
		4C00AD0A206927ED00E17D68 /* Frameworks */ = {
			isa = PBXFrameworksBuildPhase;
			buildActionMask = 2147483647;
			files = (
			);
			runOnlyForDeploymentPostprocessing = 0;
		};
		4C00AD21206927ED00E17D68 /* Frameworks */ = {
			isa = PBXFrameworksBuildPhase;
			buildActionMask = 2147483647;
			files = (
			);
			runOnlyForDeploymentPostprocessing = 0;
		};
/* End PBXFrameworksBuildPhase section */

/* Begin PBXGroup section */
		4C00AD04206927ED00E17D68 = {
			isa = PBXGroup;
			children = (
				4C00AD0F206927ED00E17D68 /* Quiz */,
				4C00AD27206927ED00E17D68 /* QuizTests */,
				4C00AD0E206927ED00E17D68 /* Products */,
			);
			sourceTree = "<group>";
		};
		4C00AD0E206927ED00E17D68 /* Products */ = {
			isa = PBXGroup;
			children = (
				4C00AD0D206927ED00E17D68 /* Quiz.app */,
				4C00AD24206927ED00E17D68 /* QuizTests.xctest */,
			);
			name = Products;
			sourceTree = "<group>";
		};
		4C00AD0F206927ED00E17D68 /* Quiz */ = {
			isa = PBXGroup;
			children = (
				4C00AD10206927ED00E17D68 /* AppDelegate.swift */,
				4CF4D9972077D5E20020545C /* Clasificación.swift */,
				4C89180C2077EED600D4D80D /* ClasificaciónTableViewController.swift */,
				0CBB2AE42074F0D000CD6176 /* ElegirCategoriaViewController.swift */,
				4CF4D9912077D2A20020545C /* EsperaViewController.swift */,
				4C411404206A4C7700651772 /* GestionPreguntas.swift */,
				4C00AD12206927ED00E17D68 /* HomeController.swift */,
				4C57EC2B207A219100780FEA /* NoPreguntasPopOverViewController.swift */,
				4CF4D9932077D36E0020545C /* Partida.swift */,
				4C411402206A41A300651772 /* Pregunta.swift */,
				4C0C2F82206B9D8E00E4BE8C /* PreguntaTableViewCell.swift */,
				4C0C2F84206BA0E800E4BE8C /* PreguntaTableViewController.swift */,
				4C00B511206A97C600AD85DA /* PreguntaViewController.swift */,
				4C57420E2078D4A0006FC171 /* ResponderPreguntaViewController.swift */,
				4CF4D9952077D3900020545C /* ResultadoPartida.swift */,
				4CF4D9992077E5D10020545C /* ResultadoTableViewCell.swift */,
				4C89180E2078204C00D4D80D /* ResultadosViewController.swift */,
				4C12143A2069849D00C56F02 /* RoundedButton.swift */,
				4C00AD14206927ED00E17D68 /* Main.storyboard */,
				4C00AD1A206927ED00E17D68 /* Assets.xcassets */,
				4C00AD1C206927ED00E17D68 /* LaunchScreen.storyboard */,
				4C00AD1F206927ED00E17D68 /* Info.plist */,
				4C00AD17206927ED00E17D68 /* Quiz.xcdatamodeld */,
			);
			path = Quiz;
			sourceTree = "<group>";
		};
		4C00AD27206927ED00E17D68 /* QuizTests */ = {
			isa = PBXGroup;
			children = (
				4C00AD28206927ED00E17D68 /* QuizTests.swift */,
				4C00AD2A206927ED00E17D68 /* Info.plist */,
			);
			path = QuizTests;
			sourceTree = "<group>";
		};
/* End PBXGroup section */

/* Begin PBXNativeTarget section */
		4C00AD0C206927ED00E17D68 /* Quiz */ = {
			isa = PBXNativeTarget;
			buildConfigurationList = 4C00AD2D206927ED00E17D68 /* Build configuration list for PBXNativeTarget "Quiz" */;
			buildPhases = (
				4C00AD09206927ED00E17D68 /* Sources */,
				4C00AD0A206927ED00E17D68 /* Frameworks */,
				4C00AD0B206927ED00E17D68 /* Resources */,
			);
			buildRules = (
			);
			dependencies = (
			);
			name = Quiz;
			productName = Quiz;
			productReference = 4C00AD0D206927ED00E17D68 /* Quiz.app */;
			productType = "com.apple.product-type.application";
		};
		4C00AD23206927ED00E17D68 /* QuizTests */ = {
			isa = PBXNativeTarget;
			buildConfigurationList = 4C00AD30206927ED00E17D68 /* Build configuration list for PBXNativeTarget "QuizTests" */;
			buildPhases = (
				4C00AD20206927ED00E17D68 /* Sources */,
				4C00AD21206927ED00E17D68 /* Frameworks */,
				4C00AD22206927ED00E17D68 /* Resources */,
			);
			buildRules = (
			);
			dependencies = (
				4C00AD26206927ED00E17D68 /* PBXTargetDependency */,
			);
			name = QuizTests;
			productName = QuizTests;
			productReference = 4C00AD24206927ED00E17D68 /* QuizTests.xctest */;
			productType = "com.apple.product-type.bundle.unit-test";
		};
/* End PBXNativeTarget section */

/* Begin PBXProject section */
		4C00AD05206927ED00E17D68 /* Project object */ = {
			isa = PBXProject;
			attributes = {
				LastSwiftUpdateCheck = 0920;
				LastUpgradeCheck = 0920;
				ORGANIZATIONNAME = AlfonsoLR;
				TargetAttributes = {
					4C00AD0C206927ED00E17D68 = {
						CreatedOnToolsVersion = 9.2;
						ProvisioningStyle = Automatic;
					};
					4C00AD23206927ED00E17D68 = {
						CreatedOnToolsVersion = 9.2;
						ProvisioningStyle = Automatic;
						TestTargetID = 4C00AD0C206927ED00E17D68;
					};
				};
			};
			buildConfigurationList = 4C00AD08206927ED00E17D68 /* Build configuration list for PBXProject "Quiz" */;
			compatibilityVersion = "Xcode 8.0";
			developmentRegion = en;
			hasScannedForEncodings = 0;
			knownRegions = (
				en,
				Base,
			);
			mainGroup = 4C00AD04206927ED00E17D68;
			productRefGroup = 4C00AD0E206927ED00E17D68 /* Products */;
			projectDirPath = "";
			projectRoot = "";
			targets = (
				4C00AD0C206927ED00E17D68 /* Quiz */,
				4C00AD23206927ED00E17D68 /* QuizTests */,
			);
		};
/* End PBXProject section */

/* Begin PBXResourcesBuildPhase section */
		4C00AD0B206927ED00E17D68 /* Resources */ = {
			isa = PBXResourcesBuildPhase;
			buildActionMask = 2147483647;
			files = (
				4C00AD1E206927ED00E17D68 /* LaunchScreen.storyboard in Resources */,
				4C00AD1B206927ED00E17D68 /* Assets.xcassets in Resources */,
				4C00AD16206927ED00E17D68 /* Main.storyboard in Resources */,
			);
			runOnlyForDeploymentPostprocessing = 0;
		};
		4C00AD22206927ED00E17D68 /* Resources */ = {
			isa = PBXResourcesBuildPhase;
			buildActionMask = 2147483647;
			files = (
			);
			runOnlyForDeploymentPostprocessing = 0;
		};
/* End PBXResourcesBuildPhase section */

/* Begin PBXSourcesBuildPhase section */
		4C00AD09206927ED00E17D68 /* Sources */ = {
			isa = PBXSourcesBuildPhase;
			buildActionMask = 2147483647;
			files = (
				4C00AD13206927ED00E17D68 /* HomeController.swift in Sources */,
				4C00AD19206927ED00E17D68 /* Quiz.xcdatamodeld in Sources */,
				4C89180D2077EED600D4D80D /* ClasificaciónTableViewController.swift in Sources */,
				4C411403206A41A300651772 /* Pregunta.swift in Sources */,
				4C00AD11206927ED00E17D68 /* AppDelegate.swift in Sources */,
				4C89180F2078204C00D4D80D /* ResultadosViewController.swift in Sources */,
				0CBB2AE52074F0D000CD6176 /* ElegirCategoriaViewController.swift in Sources */,
				4CF4D9942077D36E0020545C /* Partida.swift in Sources */,
				4CF4D9922077D2A20020545C /* EsperaViewController.swift in Sources */,
				4C0C2F83206B9D8E00E4BE8C /* PreguntaTableViewCell.swift in Sources */,
				4C12143B2069849D00C56F02 /* RoundedButton.swift in Sources */,
				4C57EC2C207A219100780FEA /* NoPreguntasPopOverViewController.swift in Sources */,
				4CF4D99A2077E5D10020545C /* ResultadoTableViewCell.swift in Sources */,
				4C00B512206A97C600AD85DA /* PreguntaViewController.swift in Sources */,
				4CF4D9982077D5E20020545C /* Clasificación.swift in Sources */,
				4C411405206A4C7700651772 /* GestionPreguntas.swift in Sources */,
				4C57420F2078D4A0006FC171 /* ResponderPreguntaViewController.swift in Sources */,
				4CF4D9962077D3900020545C /* ResultadoPartida.swift in Sources */,
				4C0C2F85206BA0E800E4BE8C /* PreguntaTableViewController.swift in Sources */,
			);
			runOnlyForDeploymentPostprocessing = 0;
		};
		4C00AD20206927ED00E17D68 /* Sources */ = {
			isa = PBXSourcesBuildPhase;
			buildActionMask = 2147483647;
			files = (
				4C00AD29206927ED00E17D68 /* QuizTests.swift in Sources */,
			);
			runOnlyForDeploymentPostprocessing = 0;
		};
/* End PBXSourcesBuildPhase section */

/* Begin PBXTargetDependency section */
		4C00AD26206927ED00E17D68 /* PBXTargetDependency */ = {
			isa = PBXTargetDependency;
			target = 4C00AD0C206927ED00E17D68 /* Quiz */;
			targetProxy = 4C00AD25206927ED00E17D68 /* PBXContainerItemProxy */;
		};
/* End PBXTargetDependency section */

/* Begin PBXVariantGroup section */
		4C00AD14206927ED00E17D68 /* Main.storyboard */ = {
			isa = PBXVariantGroup;
			children = (
				4C00AD15206927ED00E17D68 /* Base */,
			);
			name = Main.storyboard;
			sourceTree = "<group>";
		};
		4C00AD1C206927ED00E17D68 /* LaunchScreen.storyboard */ = {
			isa = PBXVariantGroup;
			children = (
				4C00AD1D206927ED00E17D68 /* Base */,
			);
			name = LaunchScreen.storyboard;
			sourceTree = "<group>";
		};
/* End PBXVariantGroup section */

/* Begin XCBuildConfiguration section */
		4C00AD2B206927ED00E17D68 /* Debug */ = {
			isa = XCBuildConfiguration;
			buildSettings = {
				ALWAYS_SEARCH_USER_PATHS = NO;
				CLANG_ANALYZER_NONNULL = YES;
				CLANG_ANALYZER_NUMBER_OBJECT_CONVERSION = YES_AGGRESSIVE;
				CLANG_CXX_LANGUAGE_STANDARD = "gnu++14";
				CLANG_CXX_LIBRARY = "libc++";
				CLANG_ENABLE_MODULES = YES;
				CLANG_ENABLE_OBJC_ARC = YES;
				CLANG_WARN_BLOCK_CAPTURE_AUTORELEASING = YES;
				CLANG_WARN_BOOL_CONVERSION = YES;
				CLANG_WARN_COMMA = YES;
				CLANG_WARN_CONSTANT_CONVERSION = YES;
				CLANG_WARN_DIRECT_OBJC_ISA_USAGE = YES_ERROR;
				CLANG_WARN_DOCUMENTATION_COMMENTS = YES;
				CLANG_WARN_EMPTY_BODY = YES;
				CLANG_WARN_ENUM_CONVERSION = YES;
				CLANG_WARN_INFINITE_RECURSION = YES;
				CLANG_WARN_INT_CONVERSION = YES;
				CLANG_WARN_NON_LITERAL_NULL_CONVERSION = YES;
				CLANG_WARN_OBJC_LITERAL_CONVERSION = YES;
				CLANG_WARN_OBJC_ROOT_CLASS = YES_ERROR;
				CLANG_WARN_RANGE_LOOP_ANALYSIS = YES;
				CLANG_WARN_STRICT_PROTOTYPES = YES;
				CLANG_WARN_SUSPICIOUS_MOVE = YES;
				CLANG_WARN_UNGUARDED_AVAILABILITY = YES_AGGRESSIVE;
				CLANG_WARN_UNREACHABLE_CODE = YES;
				CLANG_WARN__DUPLICATE_METHOD_MATCH = YES;
				CODE_SIGN_IDENTITY = "iPhone Developer";
				COPY_PHASE_STRIP = NO;
				DEBUG_INFORMATION_FORMAT = dwarf;
				ENABLE_STRICT_OBJC_MSGSEND = YES;
				ENABLE_TESTABILITY = YES;
				GCC_C_LANGUAGE_STANDARD = gnu11;
				GCC_DYNAMIC_NO_PIC = NO;
				GCC_NO_COMMON_BLOCKS = YES;
				GCC_OPTIMIZATION_LEVEL = 0;
				GCC_PREPROCESSOR_DEFINITIONS = (
					"DEBUG=1",
					"$(inherited)",
				);
				GCC_WARN_64_TO_32_BIT_CONVERSION = YES;
				GCC_WARN_ABOUT_RETURN_TYPE = YES_ERROR;
				GCC_WARN_UNDECLARED_SELECTOR = YES;
				GCC_WARN_UNINITIALIZED_AUTOS = YES_AGGRESSIVE;
				GCC_WARN_UNUSED_FUNCTION = YES;
				GCC_WARN_UNUSED_VARIABLE = YES;
				IPHONEOS_DEPLOYMENT_TARGET = 11.2;
				MTL_ENABLE_DEBUG_INFO = YES;
				ONLY_ACTIVE_ARCH = YES;
				SDKROOT = iphoneos;
				SWIFT_ACTIVE_COMPILATION_CONDITIONS = DEBUG;
				SWIFT_OPTIMIZATION_LEVEL = "-Onone";
			};
			name = Debug;
		};
		4C00AD2C206927ED00E17D68 /* Release */ = {
			isa = XCBuildConfiguration;
			buildSettings = {
				ALWAYS_SEARCH_USER_PATHS = NO;
				CLANG_ANALYZER_NONNULL = YES;
				CLANG_ANALYZER_NUMBER_OBJECT_CONVERSION = YES_AGGRESSIVE;
				CLANG_CXX_LANGUAGE_STANDARD = "gnu++14";
				CLANG_CXX_LIBRARY = "libc++";
				CLANG_ENABLE_MODULES = YES;
				CLANG_ENABLE_OBJC_ARC = YES;
				CLANG_WARN_BLOCK_CAPTURE_AUTORELEASING = YES;
				CLANG_WARN_BOOL_CONVERSION = YES;
				CLANG_WARN_COMMA = YES;
				CLANG_WARN_CONSTANT_CONVERSION = YES;
				CLANG_WARN_DIRECT_OBJC_ISA_USAGE = YES_ERROR;
				CLANG_WARN_DOCUMENTATION_COMMENTS = YES;
				CLANG_WARN_EMPTY_BODY = YES;
				CLANG_WARN_ENUM_CONVERSION = YES;
				CLANG_WARN_INFINITE_RECURSION = YES;
				CLANG_WARN_INT_CONVERSION = YES;
				CLANG_WARN_NON_LITERAL_NULL_CONVERSION = YES;
				CLANG_WARN_OBJC_LITERAL_CONVERSION = YES;
				CLANG_WARN_OBJC_ROOT_CLASS = YES_ERROR;
				CLANG_WARN_RANGE_LOOP_ANALYSIS = YES;
				CLANG_WARN_STRICT_PROTOTYPES = YES;
				CLANG_WARN_SUSPICIOUS_MOVE = YES;
				CLANG_WARN_UNGUARDED_AVAILABILITY = YES_AGGRESSIVE;
				CLANG_WARN_UNREACHABLE_CODE = YES;
				CLANG_WARN__DUPLICATE_METHOD_MATCH = YES;
				CODE_SIGN_IDENTITY = "iPhone Developer";
				COPY_PHASE_STRIP = NO;
				DEBUG_INFORMATION_FORMAT = "dwarf-with-dsym";
				ENABLE_NS_ASSERTIONS = NO;
				ENABLE_STRICT_OBJC_MSGSEND = YES;
				GCC_C_LANGUAGE_STANDARD = gnu11;
				GCC_NO_COMMON_BLOCKS = YES;
				GCC_WARN_64_TO_32_BIT_CONVERSION = YES;
				GCC_WARN_ABOUT_RETURN_TYPE = YES_ERROR;
				GCC_WARN_UNDECLARED_SELECTOR = YES;
				GCC_WARN_UNINITIALIZED_AUTOS = YES_AGGRESSIVE;
				GCC_WARN_UNUSED_FUNCTION = YES;
				GCC_WARN_UNUSED_VARIABLE = YES;
				IPHONEOS_DEPLOYMENT_TARGET = 11.2;
				MTL_ENABLE_DEBUG_INFO = NO;
				SDKROOT = iphoneos;
				SWIFT_OPTIMIZATION_LEVEL = "-Owholemodule";
				VALIDATE_PRODUCT = YES;
			};
			name = Release;
		};
		4C00AD2E206927ED00E17D68 /* Debug */ = {
			isa = XCBuildConfiguration;
			buildSettings = {
				ASSETCATALOG_COMPILER_APPICON_NAME = AppIcon;
				CODE_SIGN_STYLE = Automatic;
				INFOPLIST_FILE = Quiz/Info.plist;
				LD_RUNPATH_SEARCH_PATHS = "$(inherited) @executable_path/Frameworks";
				PRODUCT_BUNDLE_IDENTIFIER = com.example.Quiz;
				PRODUCT_NAME = "$(TARGET_NAME)";
				SWIFT_VERSION = 4.0;
				TARGETED_DEVICE_FAMILY = "1,2";
			};
			name = Debug;
		};
		4C00AD2F206927ED00E17D68 /* Release */ = {
			isa = XCBuildConfiguration;
			buildSettings = {
				ASSETCATALOG_COMPILER_APPICON_NAME = AppIcon;
				CODE_SIGN_STYLE = Automatic;
				INFOPLIST_FILE = Quiz/Info.plist;
				LD_RUNPATH_SEARCH_PATHS = "$(inherited) @executable_path/Frameworks";
				PRODUCT_BUNDLE_IDENTIFIER = com.example.Quiz;
				PRODUCT_NAME = "$(TARGET_NAME)";
				SWIFT_VERSION = 4.0;
				TARGETED_DEVICE_FAMILY = "1,2";
			};
			name = Release;
		};
		4C00AD31206927ED00E17D68 /* Debug */ = {
			isa = XCBuildConfiguration;
			buildSettings = {
				ALWAYS_EMBED_SWIFT_STANDARD_LIBRARIES = YES;
				BUNDLE_LOADER = "$(TEST_HOST)";
				CODE_SIGN_STYLE = Automatic;
				INFOPLIST_FILE = QuizTests/Info.plist;
				LD_RUNPATH_SEARCH_PATHS = "$(inherited) @executable_path/Frameworks @loader_path/Frameworks";
				PRODUCT_BUNDLE_IDENTIFIER = com.example.QuizTests;
				PRODUCT_NAME = "$(TARGET_NAME)";
				SWIFT_VERSION = 4.0;
				TARGETED_DEVICE_FAMILY = "1,2";
				TEST_HOST = "$(BUILT_PRODUCTS_DIR)/Quiz.app/Quiz";
			};
			name = Debug;
		};
		4C00AD32206927ED00E17D68 /* Release */ = {
			isa = XCBuildConfiguration;
			buildSettings = {
				ALWAYS_EMBED_SWIFT_STANDARD_LIBRARIES = YES;
				BUNDLE_LOADER = "$(TEST_HOST)";
				CODE_SIGN_STYLE = Automatic;
				INFOPLIST_FILE = QuizTests/Info.plist;
				LD_RUNPATH_SEARCH_PATHS = "$(inherited) @executable_path/Frameworks @loader_path/Frameworks";
				PRODUCT_BUNDLE_IDENTIFIER = com.example.QuizTests;
				PRODUCT_NAME = "$(TARGET_NAME)";
				SWIFT_VERSION = 4.0;
				TARGETED_DEVICE_FAMILY = "1,2";
				TEST_HOST = "$(BUILT_PRODUCTS_DIR)/Quiz.app/Quiz";
			};
			name = Release;
		};
/* End XCBuildConfiguration section */

/* Begin XCConfigurationList section */
		4C00AD08206927ED00E17D68 /* Build configuration list for PBXProject "Quiz" */ = {
			isa = XCConfigurationList;
			buildConfigurations = (
				4C00AD2B206927ED00E17D68 /* Debug */,
				4C00AD2C206927ED00E17D68 /* Release */,
			);
			defaultConfigurationIsVisible = 0;
			defaultConfigurationName = Release;
		};
		4C00AD2D206927ED00E17D68 /* Build configuration list for PBXNativeTarget "Quiz" */ = {
			isa = XCConfigurationList;
			buildConfigurations = (
				4C00AD2E206927ED00E17D68 /* Debug */,
				4C00AD2F206927ED00E17D68 /* Release */,
			);
			defaultConfigurationIsVisible = 0;
			defaultConfigurationName = Release;
		};
		4C00AD30206927ED00E17D68 /* Build configuration list for PBXNativeTarget "QuizTests" */ = {
			isa = XCConfigurationList;
			buildConfigurations = (
				4C00AD31206927ED00E17D68 /* Debug */,
				4C00AD32206927ED00E17D68 /* Release */,
			);
			defaultConfigurationIsVisible = 0;
			defaultConfigurationName = Release;
		};
/* End XCConfigurationList section */

/* Begin XCVersionGroup section */
		4C00AD17206927ED00E17D68 /* Quiz.xcdatamodeld */ = {
			isa = XCVersionGroup;
			children = (
				4C00AD18206927ED00E17D68 /* Quiz.xcdatamodel */,
			);
			currentVersion = 4C00AD18206927ED00E17D68 /* Quiz.xcdatamodel */;
			path = Quiz.xcdatamodeld;
			sourceTree = "<group>";
			versionGroupType = wrapper.xcdatamodel;
		};
/* End XCVersionGroup section */
	};
	rootObject = 4C00AD05206927ED00E17D68 /* Project object */;
}
